// !$*UTF8*$!
{
	archiveVersion = 1;
	classes = {
	};
	objectVersion = 46;
	objects = {

/* Begin PBXBuildFile section */
		A462555F1B53742B004A76B2 /* main.m in Sources */ = {isa = PBXBuildFile; fileRef = A462555E1B53742B004A76B2 /* main.m */; };
		A46255621B53742B004A76B2 /* AppDelegate.m in Sources */ = {isa = PBXBuildFile; fileRef = A46255611B53742B004A76B2 /* AppDelegate.m */; };
		A46255651B53742B004A76B2 /* ViewController.m in Sources */ = {isa = PBXBuildFile; fileRef = A46255641B53742B004A76B2 /* ViewController.m */; };
		A46255681B53742B004A76B2 /* Main.storyboard in Resources */ = {isa = PBXBuildFile; fileRef = A46255661B53742B004A76B2 /* Main.storyboard */; };
		A462556A1B53742B004A76B2 /* Images.xcassets in Resources */ = {isa = PBXBuildFile; fileRef = A46255691B53742B004A76B2 /* Images.xcassets */; };
		A462556D1B53742B004A76B2 /* LaunchScreen.xib in Resources */ = {isa = PBXBuildFile; fileRef = A462556B1B53742B004A76B2 /* LaunchScreen.xib */; };
		A46255791B53742C004A76B2 /* OCCategoryTests.m in Sources */ = {isa = PBXBuildFile; fileRef = A46255781B53742C004A76B2 /* OCCategoryTests.m */; };
		A46255871B5374F2004A76B2 /* NSFileHandle+extension.m in Sources */ = {isa = PBXBuildFile; fileRef = A46255861B5374F2004A76B2 /* NSFileHandle+extension.m */; };
		A462558C1B537787004A76B2 /* NSNotificationCenter+extension.m in Sources */ = {isa = PBXBuildFile; fileRef = A462558B1B537787004A76B2 /* NSNotificationCenter+extension.m */; };
		A46255901B5379B4004A76B2 /* NSDecimalNumber+extension.m in Sources */ = {isa = PBXBuildFile; fileRef = A462558F1B5379B4004A76B2 /* NSDecimalNumber+extension.m */; };
		A46255931B537C35004A76B2 /* NSNumber+extension.m in Sources */ = {isa = PBXBuildFile; fileRef = A46255921B537C35004A76B2 /* NSNumber+extension.m */; };
		A46255971B537EB8004A76B2 /* NSDateFormatter+extension.m in Sources */ = {isa = PBXBuildFile; fileRef = A46255961B537EB8004A76B2 /* NSDateFormatter+extension.m */; };
		A462559B1B538063004A76B2 /* NSIndexPath+extension.m in Sources */ = {isa = PBXBuildFile; fileRef = A462559A1B538063004A76B2 /* NSIndexPath+extension.m */; };
		A462559F1B53823D004A76B2 /* NSURL+extension.m in Sources */ = {isa = PBXBuildFile; fileRef = A462559E1B53823D004A76B2 /* NSURL+extension.m */; };
		A4640CFD1B8B1F78004205DF /* NSTimer+extension.m in Sources */ = {isa = PBXBuildFile; fileRef = A4640CFC1B8B1F78004205DF /* NSTimer+extension.m */; };
		A4640D061B8B3246004205DF /* CATransaction+AnimateWithDuration.m in Sources */ = {isa = PBXBuildFile; fileRef = A4640D051B8B3246004205DF /* CATransaction+AnimateWithDuration.m */; };
		A47B57AE1B591F930017C761 /* NSDate+extension.m in Sources */ = {isa = PBXBuildFile; fileRef = A47B57AD1B591F930017C761 /* NSDate+extension.m */; };
		A47B57BC1B5929D50017C761 /* NSData+extension.m in Sources */ = {isa = PBXBuildFile; fileRef = A47B57BB1B5929D50017C761 /* NSData+extension.m */; };
		A47B57BF1B592F140017C761 /* NSDictionary+extension.m in Sources */ = {isa = PBXBuildFile; fileRef = A47B57BE1B592F140017C761 /* NSDictionary+extension.m */; };
		A47B57C21B5931BD0017C761 /* NSString+extension.m in Sources */ = {isa = PBXBuildFile; fileRef = A47B57C11B5931BD0017C761 /* NSString+extension.m */; };
		A47B57C51B59358E0017C761 /* NSString+RegexCategory.m in Sources */ = {isa = PBXBuildFile; fileRef = A47B57C41B59358E0017C761 /* NSString+RegexCategory.m */; };
		A4856E441B59FA0E00FDB75D /* NSArray+extension.m in Sources */ = {isa = PBXBuildFile; fileRef = A4856E431B59FA0E00FDB75D /* NSArray+extension.m */; };
		A4856E471B59FB0E00FDB75D /* NSObject+extension.m in Sources */ = {isa = PBXBuildFile; fileRef = A4856E461B59FB0E00FDB75D /* NSObject+extension.m */; };
		A4856E4B1B5A06B400FDB75D /* NSUserDefaults+extension.m in Sources */ = {isa = PBXBuildFile; fileRef = A4856E4A1B5A06B400FDB75D /* NSUserDefaults+extension.m */; };
/* End PBXBuildFile section */

/* Begin PBXContainerItemProxy section */
		A46255731B53742C004A76B2 /* PBXContainerItemProxy */ = {
			isa = PBXContainerItemProxy;
			containerPortal = A46255511B53742B004A76B2 /* Project object */;
			proxyType = 1;
			remoteGlobalIDString = A46255581B53742B004A76B2;
			remoteInfo = OCCategory;
		};
/* End PBXContainerItemProxy section */

/* Begin PBXFileReference section */
		A46255591B53742B004A76B2 /* OCCategory.app */ = {isa = PBXFileReference; explicitFileType = wrapper.application; includeInIndex = 0; path = OCCategory.app; sourceTree = BUILT_PRODUCTS_DIR; };
		A462555D1B53742B004A76B2 /* Info.plist */ = {isa = PBXFileReference; lastKnownFileType = text.plist.xml; path = Info.plist; sourceTree = "<group>"; };
		A462555E1B53742B004A76B2 /* main.m */ = {isa = PBXFileReference; lastKnownFileType = sourcecode.c.objc; path = main.m; sourceTree = "<group>"; };
		A46255601B53742B004A76B2 /* AppDelegate.h */ = {isa = PBXFileReference; lastKnownFileType = sourcecode.c.h; path = AppDelegate.h; sourceTree = "<group>"; };
		A46255611B53742B004A76B2 /* AppDelegate.m */ = {isa = PBXFileReference; lastKnownFileType = sourcecode.c.objc; path = AppDelegate.m; sourceTree = "<group>"; };
		A46255631B53742B004A76B2 /* ViewController.h */ = {isa = PBXFileReference; lastKnownFileType = sourcecode.c.h; path = ViewController.h; sourceTree = "<group>"; };
		A46255641B53742B004A76B2 /* ViewController.m */ = {isa = PBXFileReference; lastKnownFileType = sourcecode.c.objc; path = ViewController.m; sourceTree = "<group>"; };
		A46255671B53742B004A76B2 /* Base */ = {isa = PBXFileReference; lastKnownFileType = file.storyboard; name = Base; path = Base.lproj/Main.storyboard; sourceTree = "<group>"; };
		A46255691B53742B004A76B2 /* Images.xcassets */ = {isa = PBXFileReference; lastKnownFileType = folder.assetcatalog; path = Images.xcassets; sourceTree = "<group>"; };
		A462556C1B53742B004A76B2 /* Base */ = {isa = PBXFileReference; lastKnownFileType = file.xib; name = Base; path = Base.lproj/LaunchScreen.xib; sourceTree = "<group>"; };
		A46255721B53742C004A76B2 /* OCCategoryTests.xctest */ = {isa = PBXFileReference; explicitFileType = wrapper.cfbundle; includeInIndex = 0; path = OCCategoryTests.xctest; sourceTree = BUILT_PRODUCTS_DIR; };
		A46255771B53742C004A76B2 /* Info.plist */ = {isa = PBXFileReference; lastKnownFileType = text.plist.xml; path = Info.plist; sourceTree = "<group>"; };
		A46255781B53742C004A76B2 /* OCCategoryTests.m */ = {isa = PBXFileReference; lastKnownFileType = sourcecode.c.objc; path = OCCategoryTests.m; sourceTree = "<group>"; };
		A46255851B5374F2004A76B2 /* NSFileHandle+extension.h */ = {isa = PBXFileReference; fileEncoding = 4; lastKnownFileType = sourcecode.c.h; path = "NSFileHandle+extension.h"; sourceTree = "<group>"; };
		A46255861B5374F2004A76B2 /* NSFileHandle+extension.m */ = {isa = PBXFileReference; fileEncoding = 4; lastKnownFileType = sourcecode.c.objc; path = "NSFileHandle+extension.m"; sourceTree = "<group>"; };
		A462558A1B537787004A76B2 /* NSNotificationCenter+extension.h */ = {isa = PBXFileReference; fileEncoding = 4; lastKnownFileType = sourcecode.c.h; path = "NSNotificationCenter+extension.h"; sourceTree = "<group>"; };
		A462558B1B537787004A76B2 /* NSNotificationCenter+extension.m */ = {isa = PBXFileReference; fileEncoding = 4; lastKnownFileType = sourcecode.c.objc; path = "NSNotificationCenter+extension.m"; sourceTree = "<group>"; };
		A462558E1B5379B4004A76B2 /* NSDecimalNumber+extension.h */ = {isa = PBXFileReference; fileEncoding = 4; lastKnownFileType = sourcecode.c.h; path = "NSDecimalNumber+extension.h"; sourceTree = "<group>"; };
		A462558F1B5379B4004A76B2 /* NSDecimalNumber+extension.m */ = {isa = PBXFileReference; fileEncoding = 4; lastKnownFileType = sourcecode.c.objc; path = "NSDecimalNumber+extension.m"; sourceTree = "<group>"; };
		A46255911B537C35004A76B2 /* NSNumber+extension.h */ = {isa = PBXFileReference; fileEncoding = 4; lastKnownFileType = sourcecode.c.h; path = "NSNumber+extension.h"; sourceTree = "<group>"; };
		A46255921B537C35004A76B2 /* NSNumber+extension.m */ = {isa = PBXFileReference; fileEncoding = 4; lastKnownFileType = sourcecode.c.objc; path = "NSNumber+extension.m"; sourceTree = "<group>"; };
		A46255951B537EB8004A76B2 /* NSDateFormatter+extension.h */ = {isa = PBXFileReference; fileEncoding = 4; lastKnownFileType = sourcecode.c.h; path = "NSDateFormatter+extension.h"; sourceTree = "<group>"; };
		A46255961B537EB8004A76B2 /* NSDateFormatter+extension.m */ = {isa = PBXFileReference; fileEncoding = 4; lastKnownFileType = sourcecode.c.objc; path = "NSDateFormatter+extension.m"; sourceTree = "<group>"; };
		A46255991B538063004A76B2 /* NSIndexPath+extension.h */ = {isa = PBXFileReference; fileEncoding = 4; lastKnownFileType = sourcecode.c.h; path = "NSIndexPath+extension.h"; sourceTree = "<group>"; };
		A462559A1B538063004A76B2 /* NSIndexPath+extension.m */ = {isa = PBXFileReference; fileEncoding = 4; lastKnownFileType = sourcecode.c.objc; path = "NSIndexPath+extension.m"; sourceTree = "<group>"; };
		A462559D1B53823D004A76B2 /* NSURL+extension.h */ = {isa = PBXFileReference; fileEncoding = 4; lastKnownFileType = sourcecode.c.h; path = "NSURL+extension.h"; sourceTree = "<group>"; };
		A462559E1B53823D004A76B2 /* NSURL+extension.m */ = {isa = PBXFileReference; fileEncoding = 4; lastKnownFileType = sourcecode.c.objc; path = "NSURL+extension.m"; sourceTree = "<group>"; };
		A4640CFB1B8B1F78004205DF /* NSTimer+extension.h */ = {isa = PBXFileReference; fileEncoding = 4; lastKnownFileType = sourcecode.c.h; path = "NSTimer+extension.h"; sourceTree = "<group>"; };
		A4640CFC1B8B1F78004205DF /* NSTimer+extension.m */ = {isa = PBXFileReference; fileEncoding = 4; lastKnownFileType = sourcecode.c.objc; path = "NSTimer+extension.m"; sourceTree = "<group>"; };
		A4640D041B8B3246004205DF /* CATransaction+AnimateWithDuration.h */ = {isa = PBXFileReference; fileEncoding = 4; lastKnownFileType = sourcecode.c.h; path = "CATransaction+AnimateWithDuration.h"; sourceTree = "<group>"; };
		A4640D051B8B3246004205DF /* CATransaction+AnimateWithDuration.m */ = {isa = PBXFileReference; fileEncoding = 4; lastKnownFileType = sourcecode.c.objc; path = "CATransaction+AnimateWithDuration.m"; sourceTree = "<group>"; };
		A47B57AC1B591F930017C761 /* NSDate+extension.h */ = {isa = PBXFileReference; fileEncoding = 4; lastKnownFileType = sourcecode.c.h; path = "NSDate+extension.h"; sourceTree = "<group>"; };
		A47B57AD1B591F930017C761 /* NSDate+extension.m */ = {isa = PBXFileReference; fileEncoding = 4; lastKnownFileType = sourcecode.c.objc; path = "NSDate+extension.m"; sourceTree = "<group>"; };
		A47B57BA1B5929D50017C761 /* NSData+extension.h */ = {isa = PBXFileReference; fileEncoding = 4; lastKnownFileType = sourcecode.c.h; path = "NSData+extension.h"; sourceTree = "<group>"; };
		A47B57BB1B5929D50017C761 /* NSData+extension.m */ = {isa = PBXFileReference; fileEncoding = 4; lastKnownFileType = sourcecode.c.objc; path = "NSData+extension.m"; sourceTree = "<group>"; };
		A47B57BD1B592F140017C761 /* NSDictionary+extension.h */ = {isa = PBXFileReference; fileEncoding = 4; lastKnownFileType = sourcecode.c.h; path = "NSDictionary+extension.h"; sourceTree = "<group>"; };
		A47B57BE1B592F140017C761 /* NSDictionary+extension.m */ = {isa = PBXFileReference; fileEncoding = 4; lastKnownFileType = sourcecode.c.objc; path = "NSDictionary+extension.m"; sourceTree = "<group>"; };
		A47B57C01B5931BD0017C761 /* NSString+extension.h */ = {isa = PBXFileReference; fileEncoding = 4; lastKnownFileType = sourcecode.c.h; path = "NSString+extension.h"; sourceTree = "<group>"; };
		A47B57C11B5931BD0017C761 /* NSString+extension.m */ = {isa = PBXFileReference; fileEncoding = 4; lastKnownFileType = sourcecode.c.objc; path = "NSString+extension.m"; sourceTree = "<group>"; };
		A47B57C31B59358E0017C761 /* NSString+RegexCategory.h */ = {isa = PBXFileReference; fileEncoding = 4; lastKnownFileType = sourcecode.c.h; path = "NSString+RegexCategory.h"; sourceTree = "<group>"; };
		A47B57C41B59358E0017C761 /* NSString+RegexCategory.m */ = {isa = PBXFileReference; fileEncoding = 4; lastKnownFileType = sourcecode.c.objc; path = "NSString+RegexCategory.m"; sourceTree = "<group>"; };
		A4856E421B59FA0E00FDB75D /* NSArray+extension.h */ = {isa = PBXFileReference; fileEncoding = 4; lastKnownFileType = sourcecode.c.h; path = "NSArray+extension.h"; sourceTree = "<group>"; };
		A4856E431B59FA0E00FDB75D /* NSArray+extension.m */ = {isa = PBXFileReference; fileEncoding = 4; lastKnownFileType = sourcecode.c.objc; path = "NSArray+extension.m"; sourceTree = "<group>"; };
		A4856E451B59FB0E00FDB75D /* NSObject+extension.h */ = {isa = PBXFileReference; fileEncoding = 4; lastKnownFileType = sourcecode.c.h; path = "NSObject+extension.h"; sourceTree = "<group>"; };
		A4856E461B59FB0E00FDB75D /* NSObject+extension.m */ = {isa = PBXFileReference; fileEncoding = 4; lastKnownFileType = sourcecode.c.objc; path = "NSObject+extension.m"; sourceTree = "<group>"; };
		A4856E491B5A06B400FDB75D /* NSUserDefaults+extension.h */ = {isa = PBXFileReference; fileEncoding = 4; lastKnownFileType = sourcecode.c.h; path = "NSUserDefaults+extension.h"; sourceTree = "<group>"; };
		A4856E4A1B5A06B400FDB75D /* NSUserDefaults+extension.m */ = {isa = PBXFileReference; fileEncoding = 4; lastKnownFileType = sourcecode.c.objc; path = "NSUserDefaults+extension.m"; sourceTree = "<group>"; };
/* End PBXFileReference section */

/* Begin PBXFrameworksBuildPhase section */
		A46255561B53742B004A76B2 /* Frameworks */ = {
			isa = PBXFrameworksBuildPhase;
			buildActionMask = 2147483647;
			files = (
			);
			runOnlyForDeploymentPostprocessing = 0;
		};
		A462556F1B53742C004A76B2 /* Frameworks */ = {
			isa = PBXFrameworksBuildPhase;
			buildActionMask = 2147483647;
			files = (
			);
			runOnlyForDeploymentPostprocessing = 0;
		};
/* End PBXFrameworksBuildPhase section */

/* Begin PBXGroup section */
		A46255501B53742B004A76B2 = {
			isa = PBXGroup;
			children = (
				A462555B1B53742B004A76B2 /* OCCategory */,
				A46255751B53742C004A76B2 /* OCCategoryTests */,
				A462555A1B53742B004A76B2 /* Products */,
			);
			sourceTree = "<group>";
		};
		A462555A1B53742B004A76B2 /* Products */ = {
			isa = PBXGroup;
			children = (
				A46255591B53742B004A76B2 /* OCCategory.app */,
				A46255721B53742C004A76B2 /* OCCategoryTests.xctest */,
			);
			name = Products;
			sourceTree = "<group>";
		};
		A462555B1B53742B004A76B2 /* OCCategory */ = {
			isa = PBXGroup;
			children = (
				A46255601B53742B004A76B2 /* AppDelegate.h */,
				A46255611B53742B004A76B2 /* AppDelegate.m */,
				A46255631B53742B004A76B2 /* ViewController.h */,
				A46255641B53742B004A76B2 /* ViewController.m */,
				A46255661B53742B004A76B2 /* Main.storyboard */,
				A46255691B53742B004A76B2 /* Images.xcassets */,
				A462556B1B53742B004A76B2 /* LaunchScreen.xib */,
				A46255821B537493004A76B2 /* Category */,
				A462555C1B53742B004A76B2 /* Supporting Files */,
			);
			path = OCCategory;
			sourceTree = "<group>";
		};
		A462555C1B53742B004A76B2 /* Supporting Files */ = {
			isa = PBXGroup;
			children = (
				A462555D1B53742B004A76B2 /* Info.plist */,
				A462555E1B53742B004A76B2 /* main.m */,
			);
			name = "Supporting Files";
			sourceTree = "<group>";
		};
		A46255751B53742C004A76B2 /* OCCategoryTests */ = {
			isa = PBXGroup;
			children = (
				A46255781B53742C004A76B2 /* OCCategoryTests.m */,
				A46255761B53742C004A76B2 /* Supporting Files */,
			);
			path = OCCategoryTests;
			sourceTree = "<group>";
		};
		A46255761B53742C004A76B2 /* Supporting Files */ = {
			isa = PBXGroup;
			children = (
				A46255771B53742C004A76B2 /* Info.plist */,
			);
			name = "Supporting Files";
			sourceTree = "<group>";
		};
		A46255821B537493004A76B2 /* Category */ = {
			isa = PBXGroup;
			children = (
				A4640CFE1B8B31BA004205DF /* QuartzCore */,
				A46255831B537493004A76B2 /* Foundation */,
			);
			path = Category;
			sourceTree = "<group>";
		};
		A46255831B537493004A76B2 /* Foundation */ = {
			isa = PBXGroup;
			children = (
				A4856E481B5A06A400FDB75D /* NSUserDefaults */,
				A47B57AF1B5928CF0017C761 /* NSArray */,
				A47B57B51B5928CF0017C761 /* NSDictionary */,
				A47B57B61B5928CF0017C761 /* NSObject */,
				A47B57B71B5928CF0017C761 /* NSString */,
				A47B57B81B5928CF0017C761 /* NSTimer */,
				A47B57B11B5928CF0017C761 /* NSData */,
				A47B57B01B5928CF0017C761 /* NSBundle */,
				A47B57AB1B591F3D0017C761 /* NSDate */,
				A462559C1B538221004A76B2 /* NSURL */,
				A46255981B538053004A76B2 /* NSIndexPath */,
				A46255941B537E78004A76B2 /* NSDateFormatter */,
				A462558D1B53791F004A76B2 /* NSNumber */,
				A46255891B53775E004A76B2 /* NSNotificationCenter */,
				A46255841B537493004A76B2 /* NSFileHandle */,
			);
			path = Foundation;
			sourceTree = "<group>";
		};
		A46255841B537493004A76B2 /* NSFileHandle */ = {
			isa = PBXGroup;
			children = (
				A46255851B5374F2004A76B2 /* NSFileHandle+extension.h */,
				A46255861B5374F2004A76B2 /* NSFileHandle+extension.m */,
			);
			path = NSFileHandle;
			sourceTree = "<group>";
		};
		A46255891B53775E004A76B2 /* NSNotificationCenter */ = {
			isa = PBXGroup;
			children = (
				A462558A1B537787004A76B2 /* NSNotificationCenter+extension.h */,
				A462558B1B537787004A76B2 /* NSNotificationCenter+extension.m */,
			);
			path = NSNotificationCenter;
			sourceTree = "<group>";
		};
		A462558D1B53791F004A76B2 /* NSNumber */ = {
			isa = PBXGroup;
			children = (
				A462558E1B5379B4004A76B2 /* NSDecimalNumber+extension.h */,
				A462558F1B5379B4004A76B2 /* NSDecimalNumber+extension.m */,
				A46255911B537C35004A76B2 /* NSNumber+extension.h */,
				A46255921B537C35004A76B2 /* NSNumber+extension.m */,
			);
			path = NSNumber;
			sourceTree = "<group>";
		};
		A46255941B537E78004A76B2 /* NSDateFormatter */ = {
			isa = PBXGroup;
			children = (
				A46255951B537EB8004A76B2 /* NSDateFormatter+extension.h */,
				A46255961B537EB8004A76B2 /* NSDateFormatter+extension.m */,
			);
			path = NSDateFormatter;
			sourceTree = "<group>";
		};
		A46255981B538053004A76B2 /* NSIndexPath */ = {
			isa = PBXGroup;
			children = (
				A46255991B538063004A76B2 /* NSIndexPath+extension.h */,
				A462559A1B538063004A76B2 /* NSIndexPath+extension.m */,
			);
			path = NSIndexPath;
			sourceTree = "<group>";
		};
		A462559C1B538221004A76B2 /* NSURL */ = {
			isa = PBXGroup;
			children = (
				A462559D1B53823D004A76B2 /* NSURL+extension.h */,
				A462559E1B53823D004A76B2 /* NSURL+extension.m */,
			);
			path = NSURL;
			sourceTree = "<group>";
		};
		A4640CFE1B8B31BA004205DF /* QuartzCore */ = {
			isa = PBXGroup;
			children = (
				A4640D031B8B31BA004205DF /* CATransaction */,
				A4640CFF1B8B31BA004205DF /* CAAnimation */,
				A4640D001B8B31BA004205DF /* CALayer */,
				A4640D011B8B31BA004205DF /* CAMediaTimingFunction */,
				A4640D021B8B31BA004205DF /* CAShapeLayer */,
			);
			path = QuartzCore;
			sourceTree = "<group>";
		};
		A4640CFF1B8B31BA004205DF /* CAAnimation */ = {
			isa = PBXGroup;
			children = (
			);
			path = CAAnimation;
			sourceTree = "<group>";
		};
		A4640D001B8B31BA004205DF /* CALayer */ = {
			isa = PBXGroup;
			children = (
			);
			path = CALayer;
			sourceTree = "<group>";
		};
		A4640D011B8B31BA004205DF /* CAMediaTimingFunction */ = {
			isa = PBXGroup;
			children = (
			);
			path = CAMediaTimingFunction;
			sourceTree = "<group>";
		};
		A4640D021B8B31BA004205DF /* CAShapeLayer */ = {
			isa = PBXGroup;
			children = (
			);
			path = CAShapeLayer;
			sourceTree = "<group>";
		};
		A4640D031B8B31BA004205DF /* CATransaction */ = {
			isa = PBXGroup;
			children = (
				A4640D041B8B3246004205DF /* CATransaction+AnimateWithDuration.h */,
				A4640D051B8B3246004205DF /* CATransaction+AnimateWithDuration.m */,
			);
			path = CATransaction;
			sourceTree = "<group>";
		};
		A47B57AB1B591F3D0017C761 /* NSDate */ = {
			isa = PBXGroup;
			children = (
				A47B57AC1B591F930017C761 /* NSDate+extension.h */,
				A47B57AD1B591F930017C761 /* NSDate+extension.m */,
			);
			path = NSDate;
			sourceTree = "<group>";
		};
		A47B57AF1B5928CF0017C761 /* NSArray */ = {
			isa = PBXGroup;
			children = (
				A4856E421B59FA0E00FDB75D /* NSArray+extension.h */,
				A4856E431B59FA0E00FDB75D /* NSArray+extension.m */,
			);
			path = NSArray;
			sourceTree = "<group>";
		};
		A47B57B01B5928CF0017C761 /* NSBundle */ = {
			isa = PBXGroup;
			children = (
			);
			path = NSBundle;
			sourceTree = "<group>";
		};
		A47B57B11B5928CF0017C761 /* NSData */ = {
			isa = PBXGroup;
			children = (
				A47B57BA1B5929D50017C761 /* NSData+extension.h */,
				A47B57BB1B5929D50017C761 /* NSData+extension.m */,
			);
			path = NSData;
			sourceTree = "<group>";
		};
		A47B57B51B5928CF0017C761 /* NSDictionary */ = {
			isa = PBXGroup;
			children = (
				A47B57BD1B592F140017C761 /* NSDictionary+extension.h */,
				A47B57BE1B592F140017C761 /* NSDictionary+extension.m */,
			);
			path = NSDictionary;
			sourceTree = "<group>";
		};
		A47B57B61B5928CF0017C761 /* NSObject */ = {
			isa = PBXGroup;
			children = (
				A4856E451B59FB0E00FDB75D /* NSObject+extension.h */,
				A4856E461B59FB0E00FDB75D /* NSObject+extension.m */,
			);
			path = NSObject;
			sourceTree = "<group>";
		};
		A47B57B71B5928CF0017C761 /* NSString */ = {
			isa = PBXGroup;
			children = (
				A47B57C31B59358E0017C761 /* NSString+RegexCategory.h */,
				A47B57C41B59358E0017C761 /* NSString+RegexCategory.m */,
				A47B57C01B5931BD0017C761 /* NSString+extension.h */,
				A47B57C11B5931BD0017C761 /* NSString+extension.m */,
			);
			path = NSString;
			sourceTree = "<group>";
		};
		A47B57B81B5928CF0017C761 /* NSTimer */ = {
			isa = PBXGroup;
			children = (
				A4640CFB1B8B1F78004205DF /* NSTimer+extension.h */,
				A4640CFC1B8B1F78004205DF /* NSTimer+extension.m */,
			);
			path = NSTimer;
			sourceTree = "<group>";
		};
		A4856E481B5A06A400FDB75D /* NSUserDefaults */ = {
			isa = PBXGroup;
			children = (
				A4856E491B5A06B400FDB75D /* NSUserDefaults+extension.h */,
				A4856E4A1B5A06B400FDB75D /* NSUserDefaults+extension.m */,
			);
			path = NSUserDefaults;
			sourceTree = "<group>";
		};
/* End PBXGroup section */

/* Begin PBXNativeTarget section */
		A46255581B53742B004A76B2 /* OCCategory */ = {
			isa = PBXNativeTarget;
			buildConfigurationList = A462557C1B53742C004A76B2 /* Build configuration list for PBXNativeTarget "OCCategory" */;
			buildPhases = (
				A46255551B53742B004A76B2 /* Sources */,
				A46255561B53742B004A76B2 /* Frameworks */,
				A46255571B53742B004A76B2 /* Resources */,
			);
			buildRules = (
			);
			dependencies = (
			);
			name = OCCategory;
			productName = OCCategory;
			productReference = A46255591B53742B004A76B2 /* OCCategory.app */;
			productType = "com.apple.product-type.application";
		};
		A46255711B53742C004A76B2 /* OCCategoryTests */ = {
			isa = PBXNativeTarget;
			buildConfigurationList = A462557F1B53742C004A76B2 /* Build configuration list for PBXNativeTarget "OCCategoryTests" */;
			buildPhases = (
				A462556E1B53742C004A76B2 /* Sources */,
				A462556F1B53742C004A76B2 /* Frameworks */,
				A46255701B53742C004A76B2 /* Resources */,
			);
			buildRules = (
			);
			dependencies = (
				A46255741B53742C004A76B2 /* PBXTargetDependency */,
			);
			name = OCCategoryTests;
			productName = OCCategoryTests;
			productReference = A46255721B53742C004A76B2 /* OCCategoryTests.xctest */;
			productType = "com.apple.product-type.bundle.unit-test";
		};
/* End PBXNativeTarget section */

/* Begin PBXProject section */
		A46255511B53742B004A76B2 /* Project object */ = {
			isa = PBXProject;
			attributes = {
				LastUpgradeCheck = 0640;
				ORGANIZATIONNAME = brocccoli;
				TargetAttributes = {
					A46255581B53742B004A76B2 = {
						CreatedOnToolsVersion = 6.4;
					};
					A46255711B53742C004A76B2 = {
						CreatedOnToolsVersion = 6.4;
						TestTargetID = A46255581B53742B004A76B2;
					};
				};
			};
			buildConfigurationList = A46255541B53742B004A76B2 /* Build configuration list for PBXProject "OCCategory" */;
			compatibilityVersion = "Xcode 3.2";
			developmentRegion = English;
			hasScannedForEncodings = 0;
			knownRegions = (
				en,
				Base,
			);
			mainGroup = A46255501B53742B004A76B2;
			productRefGroup = A462555A1B53742B004A76B2 /* Products */;
			projectDirPath = "";
			projectRoot = "";
			targets = (
				A46255581B53742B004A76B2 /* OCCategory */,
				A46255711B53742C004A76B2 /* OCCategoryTests */,
			);
		};
/* End PBXProject section */

/* Begin PBXResourcesBuildPhase section */
		A46255571B53742B004A76B2 /* Resources */ = {
			isa = PBXResourcesBuildPhase;
			buildActionMask = 2147483647;
			files = (
				A46255681B53742B004A76B2 /* Main.storyboard in Resources */,
				A462556D1B53742B004A76B2 /* LaunchScreen.xib in Resources */,
				A462556A1B53742B004A76B2 /* Images.xcassets in Resources */,
			);
			runOnlyForDeploymentPostprocessing = 0;
		};
		A46255701B53742C004A76B2 /* Resources */ = {
			isa = PBXResourcesBuildPhase;
			buildActionMask = 2147483647;
			files = (
			);
			runOnlyForDeploymentPostprocessing = 0;
		};
/* End PBXResourcesBuildPhase section */

/* Begin PBXSourcesBuildPhase section */
		A46255551B53742B004A76B2 /* Sources */ = {
			isa = PBXSourcesBuildPhase;
			buildActionMask = 2147483647;
			files = (
				A47B57BF1B592F140017C761 /* NSDictionary+extension.m in Sources */,
				A47B57BC1B5929D50017C761 /* NSData+extension.m in Sources */,
				A4856E471B59FB0E00FDB75D /* NSObject+extension.m in Sources */,
				A47B57AE1B591F930017C761 /* NSDate+extension.m in Sources */,
				A4640D061B8B3246004205DF /* CATransaction+AnimateWithDuration.m in Sources */,
				A462559F1B53823D004A76B2 /* NSURL+extension.m in Sources */,
				A46255871B5374F2004A76B2 /* NSFileHandle+extension.m in Sources */,
				A462559B1B538063004A76B2 /* NSIndexPath+extension.m in Sources */,
				A4856E4B1B5A06B400FDB75D /* NSUserDefaults+extension.m in Sources */,
				A4640CFD1B8B1F78004205DF /* NSTimer+extension.m in Sources */,
				A4856E441B59FA0E00FDB75D /* NSArray+extension.m in Sources */,
				A46255971B537EB8004A76B2 /* NSDateFormatter+extension.m in Sources */,
				A47B57C21B5931BD0017C761 /* NSString+extension.m in Sources */,
				A46255931B537C35004A76B2 /* NSNumber+extension.m in Sources */,
				A46255651B53742B004A76B2 /* ViewController.m in Sources */,
				A46255621B53742B004A76B2 /* AppDelegate.m in Sources */,
				A462558C1B537787004A76B2 /* NSNotificationCenter+extension.m in Sources */,
				A462555F1B53742B004A76B2 /* main.m in Sources */,
				A46255901B5379B4004A76B2 /* NSDecimalNumber+extension.m in Sources */,
				A47B57C51B59358E0017C761 /* NSString+RegexCategory.m in Sources */,
			);
			runOnlyForDeploymentPostprocessing = 0;
		};
		A462556E1B53742C004A76B2 /* Sources */ = {
			isa = PBXSourcesBuildPhase;
			buildActionMask = 2147483647;
			files = (
				A46255791B53742C004A76B2 /* OCCategoryTests.m in Sources */,
			);
			runOnlyForDeploymentPostprocessing = 0;
		};
/* End PBXSourcesBuildPhase section */

/* Begin PBXTargetDependency section */
		A46255741B53742C004A76B2 /* PBXTargetDependency */ = {
			isa = PBXTargetDependency;
			target = A46255581B53742B004A76B2 /* OCCategory */;
			targetProxy = A46255731B53742C004A76B2 /* PBXContainerItemProxy */;
		};
/* End PBXTargetDependency section */

/* Begin PBXVariantGroup section */
		A46255661B53742B004A76B2 /* Main.storyboard */ = {
			isa = PBXVariantGroup;
			children = (
				A46255671B53742B004A76B2 /* Base */,
			);
			name = Main.storyboard;
			sourceTree = "<group>";
		};
		A462556B1B53742B004A76B2 /* LaunchScreen.xib */ = {
			isa = PBXVariantGroup;
			children = (
				A462556C1B53742B004A76B2 /* Base */,
			);
			name = LaunchScreen.xib;
			sourceTree = "<group>";
		};
/* End PBXVariantGroup section */

/* Begin XCBuildConfiguration section */
		A462557A1B53742C004A76B2 /* Debug */ = {
			isa = XCBuildConfiguration;
			buildSettings = {
				ALWAYS_SEARCH_USER_PATHS = NO;
				CLANG_CXX_LANGUAGE_STANDARD = "gnu++0x";
				CLANG_CXX_LIBRARY = "libc++";
				CLANG_ENABLE_MODULES = YES;
				CLANG_ENABLE_OBJC_ARC = YES;
				CLANG_WARN_BOOL_CONVERSION = YES;
				CLANG_WARN_CONSTANT_CONVERSION = YES;
				CLANG_WARN_DIRECT_OBJC_ISA_USAGE = YES_ERROR;
				CLANG_WARN_EMPTY_BODY = YES;
				CLANG_WARN_ENUM_CONVERSION = YES;
				CLANG_WARN_INT_CONVERSION = YES;
				CLANG_WARN_OBJC_ROOT_CLASS = YES_ERROR;
				CLANG_WARN_UNREACHABLE_CODE = YES;
				CLANG_WARN__DUPLICATE_METHOD_MATCH = YES;
				"CODE_SIGN_IDENTITY[sdk=iphoneos*]" = "iPhone Developer";
				COPY_PHASE_STRIP = NO;
				DEBUG_INFORMATION_FORMAT = "dwarf-with-dsym";
				ENABLE_STRICT_OBJC_MSGSEND = YES;
				GCC_C_LANGUAGE_STANDARD = gnu99;
				GCC_DYNAMIC_NO_PIC = NO;
				GCC_NO_COMMON_BLOCKS = YES;
				GCC_OPTIMIZATION_LEVEL = 0;
				GCC_PREPROCESSOR_DEFINITIONS = (
					"DEBUG=1",
					"$(inherited)",
				);
				GCC_SYMBOLS_PRIVATE_EXTERN = NO;
				GCC_WARN_64_TO_32_BIT_CONVERSION = YES;
				GCC_WARN_ABOUT_RETURN_TYPE = YES_ERROR;
				GCC_WARN_UNDECLARED_SELECTOR = YES;
				GCC_WARN_UNINITIALIZED_AUTOS = YES_AGGRESSIVE;
				GCC_WARN_UNUSED_FUNCTION = YES;
				GCC_WARN_UNUSED_VARIABLE = YES;
				IPHONEOS_DEPLOYMENT_TARGET = 8.4;
				MTL_ENABLE_DEBUG_INFO = YES;
				ONLY_ACTIVE_ARCH = YES;
				SDKROOT = iphoneos;
			};
			name = Debug;
		};
		A462557B1B53742C004A76B2 /* Release */ = {
			isa = XCBuildConfiguration;
			buildSettings = {
				ALWAYS_SEARCH_USER_PATHS = NO;
				CLANG_CXX_LANGUAGE_STANDARD = "gnu++0x";
				CLANG_CXX_LIBRARY = "libc++";
				CLANG_ENABLE_MODULES = YES;
				CLANG_ENABLE_OBJC_ARC = YES;
				CLANG_WARN_BOOL_CONVERSION = YES;
				CLANG_WARN_CONSTANT_CONVERSION = YES;
				CLANG_WARN_DIRECT_OBJC_ISA_USAGE = YES_ERROR;
				CLANG_WARN_EMPTY_BODY = YES;
				CLANG_WARN_ENUM_CONVERSION = YES;
				CLANG_WARN_INT_CONVERSION = YES;
				CLANG_WARN_OBJC_ROOT_CLASS = YES_ERROR;
				CLANG_WARN_UNREACHABLE_CODE = YES;
				CLANG_WARN__DUPLICATE_METHOD_MATCH = YES;
				"CODE_SIGN_IDENTITY[sdk=iphoneos*]" = "iPhone Developer";
				COPY_PHASE_STRIP = NO;
				DEBUG_INFORMATION_FORMAT = "dwarf-with-dsym";
				ENABLE_NS_ASSERTIONS = NO;
				ENABLE_STRICT_OBJC_MSGSEND = YES;
				GCC_C_LANGUAGE_STANDARD = gnu99;
				GCC_NO_COMMON_BLOCKS = YES;
				GCC_WARN_64_TO_32_BIT_CONVERSION = YES;
				GCC_WARN_ABOUT_RETURN_TYPE = YES_ERROR;
				GCC_WARN_UNDECLARED_SELECTOR = YES;
				GCC_WARN_UNINITIALIZED_AUTOS = YES_AGGRESSIVE;
				GCC_WARN_UNUSED_FUNCTION = YES;
				GCC_WARN_UNUSED_VARIABLE = YES;
				IPHONEOS_DEPLOYMENT_TARGET = 8.4;
				MTL_ENABLE_DEBUG_INFO = NO;
				SDKROOT = iphoneos;
				VALIDATE_PRODUCT = YES;
			};
			name = Release;
		};
		A462557D1B53742C004A76B2 /* Debug */ = {
			isa = XCBuildConfiguration;
			buildSettings = {
				ASSETCATALOG_COMPILER_APPICON_NAME = AppIcon;
				INFOPLIST_FILE = OCCategory/Info.plist;
				LD_RUNPATH_SEARCH_PATHS = "$(inherited) @executable_path/Frameworks";
				PRODUCT_NAME = "$(TARGET_NAME)";
			};
			name = Debug;
		};
		A462557E1B53742C004A76B2 /* Release */ = {
			isa = XCBuildConfiguration;
			buildSettings = {
				ASSETCATALOG_COMPILER_APPICON_NAME = AppIcon;
				INFOPLIST_FILE = OCCategory/Info.plist;
				LD_RUNPATH_SEARCH_PATHS = "$(inherited) @executable_path/Frameworks";
				PRODUCT_NAME = "$(TARGET_NAME)";
			};
			name = Release;
		};
		A46255801B53742C004A76B2 /* Debug */ = {
			isa = XCBuildConfiguration;
			buildSettings = {
				BUNDLE_LOADER = "$(TEST_HOST)";
				FRAMEWORK_SEARCH_PATHS = (
					"$(SDKROOT)/Developer/Library/Frameworks",
					"$(inherited)",
				);
				GCC_PREPROCESSOR_DEFINITIONS = (
					"DEBUG=1",
					"$(inherited)",
				);
				INFOPLIST_FILE = OCCategoryTests/Info.plist;
				LD_RUNPATH_SEARCH_PATHS = "$(inherited) @executable_path/Frameworks @loader_path/Frameworks";
				PRODUCT_NAME = "$(TARGET_NAME)";
				TEST_HOST = "$(BUILT_PRODUCTS_DIR)/OCCategory.app/OCCategory";
			};
			name = Debug;
		};
		A46255811B53742C004A76B2 /* Release */ = {
			isa = XCBuildConfiguration;
			buildSettings = {
				BUNDLE_LOADER = "$(TEST_HOST)";
				FRAMEWORK_SEARCH_PATHS = (
					"$(SDKROOT)/Developer/Library/Frameworks",
					"$(inherited)",
				);
				INFOPLIST_FILE = OCCategoryTests/Info.plist;
				LD_RUNPATH_SEARCH_PATHS = "$(inherited) @executable_path/Frameworks @loader_path/Frameworks";
				PRODUCT_NAME = "$(TARGET_NAME)";
				TEST_HOST = "$(BUILT_PRODUCTS_DIR)/OCCategory.app/OCCategory";
			};
			name = Release;
		};
/* End XCBuildConfiguration section */

/* Begin XCConfigurationList section */
		A46255541B53742B004A76B2 /* Build configuration list for PBXProject "OCCategory" */ = {
			isa = XCConfigurationList;
			buildConfigurations = (
				A462557A1B53742C004A76B2 /* Debug */,
				A462557B1B53742C004A76B2 /* Release */,
			);
			defaultConfigurationIsVisible = 0;
			defaultConfigurationName = Release;
		};
		A462557C1B53742C004A76B2 /* Build configuration list for PBXNativeTarget "OCCategory" */ = {
			isa = XCConfigurationList;
			buildConfigurations = (
				A462557D1B53742C004A76B2 /* Debug */,
				A462557E1B53742C004A76B2 /* Release */,
			);
			defaultConfigurationIsVisible = 0;
			defaultConfigurationName = Release;
		};
		A462557F1B53742C004A76B2 /* Build configuration list for PBXNativeTarget "OCCategoryTests" */ = {
			isa = XCConfigurationList;
			buildConfigurations = (
				A46255801B53742C004A76B2 /* Debug */,
				A46255811B53742C004A76B2 /* Release */,
			);
			defaultConfigurationIsVisible = 0;
			defaultConfigurationName = Release;
		};
/* End XCConfigurationList section */
	};
	rootObject = A46255511B53742B004A76B2 /* Project object */;
}
